# @generated - this file is auto-generated by `mise lock` https://mise.jdx.dev/dev-tools/mise-lock.html

[[tools."aqua:anthropics/claude-code"]]
version = "2.1.285"
backend = "aqua:anthropics/claude-code"

[tools."aqua:anthropics/claude-code"."platforms.linux-x64"]
checksum = "sha256:0cde844749a50c0f717a2b123d5771629d5c9a270c9203c81ac120a716444b36"
url = "https://github.com/anthropics/claude-code/releases/download/v2.1.285/claude-linux-x64.tar.gz"
url_api = "https://api.github.com/repos/anthropics/claude-code/releases/assets/598796905"

[tools."aqua:anthropics/claude-code"."platforms.macos-arm64"]
checksum = "sha256:3b1c9984a63193c7758b66c8769781428139935200c38e6462339cf4da463d78"
url = "https://github.com/anthropics/claude-code/releases/download/v2.1.285/claude-darwin-arm64.tar.gz"
url_api = "https://api.github.com/repos/anthropics/claude-code/releases/assets/598796737"

[[tools."aqua:jedisct1/minisign"]]
version = "0.12"
backend = "aqua:jedisct1/minisign"

[tools."aqua:jedisct1/minisign"."platforms.linux-x64"]
checksum = "sha256:9a599b48ba6eb7b1e80f12f36b94ceca7c00b7a5173c95c3efc88d9822957e73"
url = "https://github.com/jedisct1/minisign/releases/download/0.12/minisign-0.12-linux.tar.gz"
url_api = "https://api.github.com/repos/jedisct1/minisign/releases/assets/220886623"
provenance = "minisign"

[tools."aqua:jedisct1/minisign"."platforms.macos-arm64"]
checksum = "sha256:89000b19535765f9cffc65a65d64a820f433ef6db8020667f7570e06bf6aac63"
url = "https://github.com/jedisct1/minisign/releases/download/0.12/minisign-0.12-macos.zip"
url_api = "https://api.github.com/repos/jedisct1/minisign/releases/assets/220895743"
provenance = "minisign"

[[tools."aqua:jqlang/jq"]]
version = "1.8.1"
backend = "aqua:jqlang/jq"

[tools."aqua:jqlang/jq"."platforms.linux-x64"]
checksum = "sha256:020468de7539ce70ef1bceaf7cde2e8c4f2ca6c3afb84642aabc5c97d9fc2a0d"
url = "https://github.com/jqlang/jq/releases/download/jq-1.8.1/jq-linux-amd64"
url_api = "https://api.github.com/repos/jqlang/jq/releases/assets/268981484"
provenance = "github-attestations"

[tools."aqua:jqlang/jq"."platforms.macos-arm64"]
checksum = "sha256:a9fe3ea2f86dfc72f6728417521ec9067b343277152b114f4e98d8cb0e263603"
url = "https://github.com/jqlang/jq/releases/download/jq-1.8.1/jq-macos-arm64"
url_api = "https://api.github.com/repos/jqlang/jq/releases/assets/268981506"
provenance = "github-attestations"

[[tools."aqua:koalaman/shellcheck"]]
version = "0.11.0"
backend = "aqua:koalaman/shellcheck"

[tools."aqua:koalaman/shellcheck"."platforms.linux-x64"]
checksum = "sha256:8c3be12b05d5c177a04c29e3c78ce89ac86f1595681cab149b65b97c4e227198"
url = "https://github.com/koalaman/shellcheck/releases/download/v0.11.0/shellcheck-v0.11.0.linux.x86_64.tar.xz"
url_api = "https://api.github.com/repos/koalaman/shellcheck/releases/assets/279056942"

[tools."aqua:koalaman/shellcheck"."platforms.macos-arm64"]
checksum = "sha256:56affdd8de5527894dca6dc3d7e0a99a873b0f004d7aabc30ae407d3f48b0a79"
url = "https://github.com/koalaman/shellcheck/releases/download/v0.11.0/shellcheck-v0.11.0.darwin.aarch64.tar.xz"
url_api = "https://api.github.com/repos/koalaman/shellcheck/releases/assets/279056932"

[[tools."aqua:lycheeverse/lychee"]]
version = "0.24.2"
backend = "aqua:lycheeverse/lychee"

[tools."aqua:lycheeverse/lychee"."platforms.linux-x64"]
checksum = "sha256:1f4e0ef7f6554a6ed33dd7ac144fb2e1bbed98598e7af973042fc5cd43951c9a"
url = "https://github.com/lycheeverse/lychee/releases/download/lychee-v0.24.2/lychee-x86_64-unknown-linux-gnu.tar.gz"
url_api = "https://api.github.com/repos/lycheeverse/lychee/releases/assets/409959156"

[tools."aqua:lycheeverse/lychee"."platforms.macos-arm64"]
checksum = "sha256:c9d3740ea2d891854d37116c9fba840f37b6e7c89d330e7db84ac333631c4977"
url = "https://github.com/lycheeverse/lychee/releases/download/lychee-v0.24.2/lychee-aarch64-apple-darwin.tar.gz"
url_api = "https://api.github.com/repos/lycheeverse/lychee/releases/assets/409957951"

[[tools."aqua:rvben/rumdl"]]
version = "0.2.78"
backend = "aqua:rvben/rumdl"

[tools."aqua:rvben/rumdl"."platforms.linux-x64"]
checksum = "sha256:5597ecab62c6cd50e63f85451fe4e763abc58195a3e7eff9186b6dfae890ca24"
url = "https://github.com/rvben/rumdl/releases/download/v0.2.78/rumdl-v0.2.78-x86_64-unknown-linux-gnu.tar.gz"
url_api = "https://api.github.com/repos/rvben/rumdl/releases/assets/598548740"
provenance = "github-attestations"

[tools."aqua:rvben/rumdl"."platforms.macos-arm64"]
checksum = "sha256:450f00cdbf1da3bc3fbdf56c52dc9e6b2ab08bfd1ee6a26b44848e52a180dba5"
url = "https://github.com/rvben/rumdl/releases/download/v0.2.78/rumdl-v0.2.78-aarch64-apple-darwin.tar.gz"
url_api = "https://api.github.com/repos/rvben/rumdl/releases/assets/598548745"
provenance = "github-attestations"

[[tools."aqua:trufflesecurity/trufflehog"]]
version = "3.97.9"
backend = "aqua:trufflesecurity/trufflehog"

[tools."aqua:trufflesecurity/trufflehog"."platforms.linux-x64"]
checksum = "sha256:40377e6572495412fb9ba0bc21c9401f73b72f1d2afd11b9931bc4a5ed622866"
url = "https://github.com/trufflesecurity/trufflehog/releases/download/v3.97.9/trufflehog_3.97.9_linux_amd64.tar.gz"
url_api = "https://api.github.com/repos/trufflesecurity/trufflehog/releases/assets/585605754"

[tools."aqua:trufflesecurity/trufflehog"."platforms.macos-arm64"]
checksum = "sha256:3d25c178fe1a2563687b22547adcaebcf08cc8a607315c6741fe396c597951f7"
url = "https://github.com/trufflesecurity/trufflehog/releases/download/v3.97.9/trufflehog_3.97.9_darwin_arm64.tar.gz"
url_api = "https://api.github.com/repos/trufflesecurity/trufflehog/releases/assets/585605746"

[[tools."aqua:vale-cli/vale"]]
version = "3.23.0"
backend = "aqua:vale-cli/vale"

[tools."aqua:vale-cli/vale"."platforms.linux-x64"]
checksum = "sha256:cc35445a45186b8f0b01e11c01359694cf941e72cf6ab0fc44774f0e54c9d5fc"
url = "https://github.com/vale-cli/vale/releases/download/v3.23.0/vale_3.23.0_Linux_64-bit.tar.gz"
url_api = "https://api.github.com/repos/vale-cli/vale/releases/assets/589026726"

[tools."aqua:vale-cli/vale"."platforms.macos-arm64"]
checksum = "sha256:b913574b2c83b541d8bc2d8938e53a58a2fb06bab15135efcc755afb074f4430"
url = "https://github.com/vale-cli/vale/releases/download/v3.23.0/vale_3.23.0_macOS_arm64.tar.gz"
url_api = "https://api.github.com/repos/vale-cli/vale/releases/assets/589026805"

[[tools."aqua:zizmorcore/zizmor"]]
version = "1.30.1"
backend = "aqua:zizmorcore/zizmor"

[tools."aqua:zizmorcore/zizmor"."platforms.linux-x64"]
checksum = "sha256:e65324f4430c2717591937edcec90ccbefaf14c174f8ec9415e03ca875b46e1a"
url = "https://github.com/zizmorcore/zizmor/releases/download/v1.30.1/zizmor-x86_64-unknown-linux-gnu.tar.gz"
url_api = "https://api.github.com/repos/zizmorcore/zizmor/releases/assets/552067642"
provenance = "github-attestations"

[tools."aqua:zizmorcore/zizmor"."platforms.macos-arm64"]
checksum = "sha256:e28d22b087f9ebb8d99da6e740d348c930f559961c7c3f12badda54f882195a2"
url = "https://github.com/zizmorcore/zizmor/releases/download/v1.30.1/zizmor-aarch64-apple-darwin.tar.gz"
url_api = "https://api.github.com/repos/zizmorcore/zizmor/releases/assets/552067640"
provenance = "github-attestations"
