# @generated - this file is auto-generated by `mise lock` https://mise.jdx.dev/dev-tools/mise-lock.html

[[tools."aqua:jqlang/jq"]]
version = "1.8.1"
backend = "aqua:jqlang/jq"

[tools."aqua:jqlang/jq"."platforms.linux-x64"]
checksum = "sha256:020468de7539ce70ef1bceaf7cde2e8c4f2ca6c3afb84642aabc5c97d9fc2a0d"
url = "https://github.com/jqlang/jq/releases/download/jq-1.8.1/jq-linux-amd64"
url_api = "https://api.github.com/repos/jqlang/jq/releases/assets/268981484"
provenance = "github-attestations"

[tools."aqua:jqlang/jq"."platforms.macos-arm64"]
checksum = "sha256:a9fe3ea2f86dfc72f6728417521ec9067b343277152b114f4e98d8cb0e263603"
url = "https://github.com/jqlang/jq/releases/download/jq-1.8.1/jq-macos-arm64"
url_api = "https://api.github.com/repos/jqlang/jq/releases/assets/268981506"
provenance = "github-attestations"

[[tools."aqua:trufflesecurity/trufflehog"]]
version = "3.97.9"
backend = "aqua:trufflesecurity/trufflehog"

[tools."aqua:trufflesecurity/trufflehog"."platforms.linux-x64"]
checksum = "sha256:40377e6572495412fb9ba0bc21c9401f73b72f1d2afd11b9931bc4a5ed622866"
url = "https://github.com/trufflesecurity/trufflehog/releases/download/v3.97.9/trufflehog_3.97.9_linux_amd64.tar.gz"
url_api = "https://api.github.com/repos/trufflesecurity/trufflehog/releases/assets/585605754"

[tools."aqua:trufflesecurity/trufflehog"."platforms.macos-arm64"]
checksum = "sha256:3d25c178fe1a2563687b22547adcaebcf08cc8a607315c6741fe396c597951f7"
url = "https://github.com/trufflesecurity/trufflehog/releases/download/v3.97.9/trufflehog_3.97.9_darwin_arm64.tar.gz"
url_api = "https://api.github.com/repos/trufflesecurity/trufflehog/releases/assets/585605746"
